// !$*UTF8*$!
{
	archiveVersion = 1;
	classes = {
	};
	objectVersion = 54;
	objects = {

/* Begin PBXBuildFile section */
		7F5954DF2B6B69B700F12C0A /* TransactionType.swift in Sources */ = {isa = PBXBuildFile; fileRef = 7F5954DE2B6B69B700F12C0A /* TransactionType.swift */; };
		7F5954E12B6B6A5500F12C0A /* Transaction.swift in Sources */ = {isa = PBXBuildFile; fileRef = 7F5954E02B6B6A5500F12C0A /* Transaction.swift */; };
		7F5954E42B6B878200F12C0A /* Banker.swift in Sources */ = {isa = PBXBuildFile; fileRef = 7F5954E32B6B878200F12C0A /* Banker.swift */; };
		7F99BB4A2B62A7A500FE9E85 /* Node.swift in Sources */ = {isa = PBXBuildFile; fileRef = 7F99BB492B62A7A500FE9E85 /* Node.swift */; };
		7F99BB4C2B62A8B900FE9E85 /* LinkedList.swift in Sources */ = {isa = PBXBuildFile; fileRef = 7F99BB4B2B62A8B900FE9E85 /* LinkedList.swift */; };
		7F99BB4E2B62AA0F00FE9E85 /* QueueProtocol.swift in Sources */ = {isa = PBXBuildFile; fileRef = 7F99BB4D2B62AA0F00FE9E85 /* QueueProtocol.swift */; };
		7F99BB502B62ABDB00FE9E85 /* DoublyLinkedListQueue.swift in Sources */ = {isa = PBXBuildFile; fileRef = 7F99BB4F2B62ABDB00FE9E85 /* DoublyLinkedListQueue.swift */; };
		7F99BB582B62AF3200FE9E85 /* DoublyLinkedListQueueTest.swift in Sources */ = {isa = PBXBuildFile; fileRef = 7F99BB572B62AF3200FE9E85 /* DoublyLinkedListQueueTest.swift */; };
		7F99BB5E2B62B1C900FE9E85 /* DoublyLinkedListQueue.swift in Sources */ = {isa = PBXBuildFile; fileRef = 7F99BB4F2B62ABDB00FE9E85 /* DoublyLinkedListQueue.swift */; };
		7F99BB5F2B62B1EF00FE9E85 /* QueueProtocol.swift in Sources */ = {isa = PBXBuildFile; fileRef = 7F99BB4D2B62AA0F00FE9E85 /* QueueProtocol.swift */; };
		7F99BB602B62B21200FE9E85 /* LinkedList.swift in Sources */ = {isa = PBXBuildFile; fileRef = 7F99BB4B2B62A8B900FE9E85 /* LinkedList.swift */; };
		7F99BB612B62B23D00FE9E85 /* Node.swift in Sources */ = {isa = PBXBuildFile; fileRef = 7F99BB492B62A7A500FE9E85 /* Node.swift */; };
		7F99BB632B62CA3800FE9E85 /* BankerManager.swift in Sources */ = {isa = PBXBuildFile; fileRef = 7F99BB622B62CA3800FE9E85 /* BankerManager.swift */; };
		7F99BB652B62CB6E00FE9E85 /* Customer.swift in Sources */ = {isa = PBXBuildFile; fileRef = 7F99BB642B62CB6E00FE9E85 /* Customer.swift */; };
		C7694E7A259C3EC00053667F /* main.swift in Sources */ = {isa = PBXBuildFile; fileRef = C7694E79259C3EC00053667F /* main.swift */; };
/* End PBXBuildFile section */

/* Begin PBXCopyFilesBuildPhase section */
		C7694E74259C3EC00053667F /* CopyFiles */ = {
			isa = PBXCopyFilesBuildPhase;
			buildActionMask = 2147483647;
			dstPath = /usr/share/man/man1/;
			dstSubfolderSpec = 0;
			files = (
			);
			runOnlyForDeploymentPostprocessing = 1;
		};
/* End PBXCopyFilesBuildPhase section */

/* Begin PBXFileReference section */
		7F5954DE2B6B69B700F12C0A /* TransactionType.swift */ = {isa = PBXFileReference; lastKnownFileType = sourcecode.swift; path = TransactionType.swift; sourceTree = "<group>"; };
		7F5954E02B6B6A5500F12C0A /* Transaction.swift */ = {isa = PBXFileReference; lastKnownFileType = sourcecode.swift; path = Transaction.swift; sourceTree = "<group>"; };
		7F5954E32B6B878200F12C0A /* Banker.swift */ = {isa = PBXFileReference; lastKnownFileType = sourcecode.swift; path = Banker.swift; sourceTree = "<group>"; };
		7F99BB492B62A7A500FE9E85 /* Node.swift */ = {isa = PBXFileReference; lastKnownFileType = sourcecode.swift; path = Node.swift; sourceTree = "<group>"; };
		7F99BB4B2B62A8B900FE9E85 /* LinkedList.swift */ = {isa = PBXFileReference; lastKnownFileType = sourcecode.swift; path = LinkedList.swift; sourceTree = "<group>"; };
		7F99BB4D2B62AA0F00FE9E85 /* QueueProtocol.swift */ = {isa = PBXFileReference; lastKnownFileType = sourcecode.swift; path = QueueProtocol.swift; sourceTree = "<group>"; };
		7F99BB4F2B62ABDB00FE9E85 /* DoublyLinkedListQueue.swift */ = {isa = PBXFileReference; lastKnownFileType = sourcecode.swift; path = DoublyLinkedListQueue.swift; sourceTree = "<group>"; };
		7F99BB552B62AF3200FE9E85 /* DoublyLinkedListQueueTest.xctest */ = {isa = PBXFileReference; explicitFileType = wrapper.cfbundle; includeInIndex = 0; path = DoublyLinkedListQueueTest.xctest; sourceTree = BUILT_PRODUCTS_DIR; };
		7F99BB572B62AF3200FE9E85 /* DoublyLinkedListQueueTest.swift */ = {isa = PBXFileReference; lastKnownFileType = sourcecode.swift; path = DoublyLinkedListQueueTest.swift; sourceTree = "<group>"; };
		7F99BB622B62CA3800FE9E85 /* BankerManager.swift */ = {isa = PBXFileReference; lastKnownFileType = sourcecode.swift; path = BankerManager.swift; sourceTree = "<group>"; };
		7F99BB642B62CB6E00FE9E85 /* Customer.swift */ = {isa = PBXFileReference; lastKnownFileType = sourcecode.swift; path = Customer.swift; sourceTree = "<group>"; };
		C7694E76259C3EC00053667F /* BankManagerConsoleApp */ = {isa = PBXFileReference; explicitFileType = "compiled.mach-o.executable"; includeInIndex = 0; path = BankManagerConsoleApp; sourceTree = BUILT_PRODUCTS_DIR; };
		C7694E79259C3EC00053667F /* main.swift */ = {isa = PBXFileReference; lastKnownFileType = sourcecode.swift; path = main.swift; sourceTree = "<group>"; };
/* End PBXFileReference section */

/* Begin PBXFrameworksBuildPhase section */
		7F99BB522B62AF3200FE9E85 /* Frameworks */ = {
			isa = PBXFrameworksBuildPhase;
			buildActionMask = 2147483647;
			files = (
			);
			runOnlyForDeploymentPostprocessing = 0;
		};
		C7694E73259C3EC00053667F /* Frameworks */ = {
			isa = PBXFrameworksBuildPhase;
			buildActionMask = 2147483647;
			files = (
			);
			runOnlyForDeploymentPostprocessing = 0;
		};
/* End PBXFrameworksBuildPhase section */

/* Begin PBXGroup section */
		7F99BB482B62A78E00FE9E85 /* Model */ = {
			isa = PBXGroup;
			children = (
				7F9D4B342B6731AB00B2664C /* DoublyLinkedListQueue */,
				7F99BB642B62CB6E00FE9E85 /* Customer.swift */,
				7F5954DE2B6B69B700F12C0A /* TransactionType.swift */,
				7F5954E02B6B6A5500F12C0A /* Transaction.swift */,
				7F99BB622B62CA3800FE9E85 /* BankerManager.swift */,
				7F5954E32B6B878200F12C0A /* Banker.swift */,
			);
			path = Model;
			sourceTree = "<group>";
		};
		7F99BB562B62AF3200FE9E85 /* DoublyLinkedListQueueTest */ = {
			isa = PBXGroup;
			children = (
				7F99BB572B62AF3200FE9E85 /* DoublyLinkedListQueueTest.swift */,
			);
			path = DoublyLinkedListQueueTest;
			sourceTree = "<group>";
		};
		7F9D4B342B6731AB00B2664C /* DoublyLinkedListQueue */ = {
			isa = PBXGroup;
			children = (
				7F99BB492B62A7A500FE9E85 /* Node.swift */,
				7F99BB4B2B62A8B900FE9E85 /* LinkedList.swift */,
				7F99BB4D2B62AA0F00FE9E85 /* QueueProtocol.swift */,
				7F99BB4F2B62ABDB00FE9E85 /* DoublyLinkedListQueue.swift */,
			);
			path = DoublyLinkedListQueue;
			sourceTree = "<group>";
		};
		C7694E6D259C3EC00053667F = {
			isa = PBXGroup;
			children = (
				C7694E78259C3EC00053667F /* BankManagerConsoleApp */,
				7F99BB562B62AF3200FE9E85 /* DoublyLinkedListQueueTest */,
				C7694E77259C3EC00053667F /* Products */,
			);
			sourceTree = "<group>";
		};
		C7694E77259C3EC00053667F /* Products */ = {
			isa = PBXGroup;
			children = (
				C7694E76259C3EC00053667F /* BankManagerConsoleApp */,
				7F99BB552B62AF3200FE9E85 /* DoublyLinkedListQueueTest.xctest */,
			);
			name = Products;
			sourceTree = "<group>";
		};
		C7694E78259C3EC00053667F /* BankManagerConsoleApp */ = {
			isa = PBXGroup;
			children = (
				7F99BB482B62A78E00FE9E85 /* Model */,
				C7694E79259C3EC00053667F /* main.swift */,
			);
			path = BankManagerConsoleApp;
			sourceTree = "<group>";
		};
/* End PBXGroup section */

/* Begin PBXNativeTarget section */
		7F99BB542B62AF3200FE9E85 /* DoublyLinkedListQueueTest */ = {
			isa = PBXNativeTarget;
			buildConfigurationList = 7F99BB592B62AF3200FE9E85 /* Build configuration list for PBXNativeTarget "DoublyLinkedListQueueTest" */;
			buildPhases = (
				7F99BB512B62AF3200FE9E85 /* Sources */,
				7F99BB522B62AF3200FE9E85 /* Frameworks */,
				7F99BB532B62AF3200FE9E85 /* Resources */,
			);
			buildRules = (
			);
			dependencies = (
			);
			name = DoublyLinkedListQueueTest;
			productName = DoublyLinkedListQueueTest;
			productReference = 7F99BB552B62AF3200FE9E85 /* DoublyLinkedListQueueTest.xctest */;
			productType = "com.apple.product-type.bundle.unit-test";
		};
		C7694E75259C3EC00053667F /* BankManagerConsoleApp */ = {
			isa = PBXNativeTarget;
			buildConfigurationList = C7694E7D259C3EC00053667F /* Build configuration list for PBXNativeTarget "BankManagerConsoleApp" */;
			buildPhases = (
				C7694E72259C3EC00053667F /* Sources */,
				C7694E73259C3EC00053667F /* Frameworks */,
				C7694E74259C3EC00053667F /* CopyFiles */,
			);
			buildRules = (
			);
			dependencies = (
			);
			name = BankManagerConsoleApp;
			productName = BankManagerConsoleApp;
			productReference = C7694E76259C3EC00053667F /* BankManagerConsoleApp */;
			productType = "com.apple.product-type.tool";
		};
/* End PBXNativeTarget section */

/* Begin PBXProject section */
		C7694E6E259C3EC00053667F /* Project object */ = {
			isa = PBXProject;
			attributes = {
				BuildIndependentTargetsInParallel = YES;
				LastSwiftUpdateCheck = 1520;
				LastUpgradeCheck = 1520;
				TargetAttributes = {
					7F99BB542B62AF3200FE9E85 = {
						CreatedOnToolsVersion = 15.2;
					};
					C7694E75259C3EC00053667F = {
						CreatedOnToolsVersion = 12.1;
					};
				};
			};
			buildConfigurationList = C7694E71259C3EC00053667F /* Build configuration list for PBXProject "BankManagerConsoleApp" */;
			compatibilityVersion = "Xcode 9.3";
			developmentRegion = en;
			hasScannedForEncodings = 0;
			knownRegions = (
				en,
				Base,
			);
			mainGroup = C7694E6D259C3EC00053667F;
			productRefGroup = C7694E77259C3EC00053667F /* Products */;
			projectDirPath = "";
			projectRoot = "";
			targets = (
				C7694E75259C3EC00053667F /* BankManagerConsoleApp */,
				7F99BB542B62AF3200FE9E85 /* DoublyLinkedListQueueTest */,
			);
		};
/* End PBXProject section */

/* Begin PBXResourcesBuildPhase section */
		7F99BB532B62AF3200FE9E85 /* Resources */ = {
			isa = PBXResourcesBuildPhase;
			buildActionMask = 2147483647;
			files = (
			);
			runOnlyForDeploymentPostprocessing = 0;
		};
/* End PBXResourcesBuildPhase section */

/* Begin PBXSourcesBuildPhase section */
		7F99BB512B62AF3200FE9E85 /* Sources */ = {
			isa = PBXSourcesBuildPhase;
			buildActionMask = 2147483647;
			files = (
				7F99BB582B62AF3200FE9E85 /* DoublyLinkedListQueueTest.swift in Sources */,
				7F99BB612B62B23D00FE9E85 /* Node.swift in Sources */,
				7F99BB5F2B62B1EF00FE9E85 /* QueueProtocol.swift in Sources */,
				7F99BB602B62B21200FE9E85 /* LinkedList.swift in Sources */,
				7F99BB5E2B62B1C900FE9E85 /* DoublyLinkedListQueue.swift in Sources */,
			);
			runOnlyForDeploymentPostprocessing = 0;
		};
		C7694E72259C3EC00053667F /* Sources */ = {
			isa = PBXSourcesBuildPhase;
			buildActionMask = 2147483647;
			files = (
				7F5954E42B6B878200F12C0A /* Banker.swift in Sources */,
				7F5954DF2B6B69B700F12C0A /* TransactionType.swift in Sources */,
				7F99BB502B62ABDB00FE9E85 /* DoublyLinkedListQueue.swift in Sources */,
				7F99BB652B62CB6E00FE9E85 /* Customer.swift in Sources */,
				7F99BB4C2B62A8B900FE9E85 /* LinkedList.swift in Sources */,
				7F99BB632B62CA3800FE9E85 /* BankerManager.swift in Sources */,
				7F99BB4E2B62AA0F00FE9E85 /* QueueProtocol.swift in Sources */,
				C7694E7A259C3EC00053667F /* main.swift in Sources */,
				7F99BB4A2B62A7A500FE9E85 /* Node.swift in Sources */,
				7F5954E12B6B6A5500F12C0A /* Transaction.swift in Sources */,
			);
			runOnlyForDeploymentPostprocessing = 0;
		};
/* End PBXSourcesBuildPhase section */

/* Begin XCBuildConfiguration section */
		7F99BB5A2B62AF3200FE9E85 /* Debug */ = {
			isa = XCBuildConfiguration;
			buildSettings = {
				CLANG_CXX_LANGUAGE_STANDARD = "gnu++20";
				CODE_SIGN_STYLE = Automatic;
				CURRENT_PROJECT_VERSION = 1;
				GCC_C_LANGUAGE_STANDARD = gnu17;
				GENERATE_INFOPLIST_FILE = YES;
				LOCALIZATION_PREFERS_STRING_CATALOGS = YES;
				MACOSX_DEPLOYMENT_TARGET = 14.2;
				MARKETING_VERSION = 1.0;
				PRODUCT_BUNDLE_IDENTIFIER = com.AndyAn.DoublyLinkedListQueueTest;
				PRODUCT_NAME = "$(TARGET_NAME)";
				SWIFT_ACTIVE_COMPILATION_CONDITIONS = "DEBUG $(inherited)";
				SWIFT_EMIT_LOC_STRINGS = NO;
				SWIFT_VERSION = 5.0;
			};
			name = Debug;
		};
		7F99BB5B2B62AF3200FE9E85 /* Release */ = {
			isa = XCBuildConfiguration;
			buildSettings = {
				CLANG_CXX_LANGUAGE_STANDARD = "gnu++20";
				CODE_SIGN_STYLE = Automatic;
				CURRENT_PROJECT_VERSION = 1;
				GCC_C_LANGUAGE_STANDARD = gnu17;
				GENERATE_INFOPLIST_FILE = YES;
				LOCALIZATION_PREFERS_STRING_CATALOGS = YES;
				MACOSX_DEPLOYMENT_TARGET = 14.2;
				MARKETING_VERSION = 1.0;
				PRODUCT_BUNDLE_IDENTIFIER = com.AndyAn.DoublyLinkedListQueueTest;
				PRODUCT_NAME = "$(TARGET_NAME)";
				SWIFT_EMIT_LOC_STRINGS = NO;
				SWIFT_VERSION = 5.0;
			};
			name = Release;
		};
		C7694E7B259C3EC00053667F /* Debug */ = {
			isa = XCBuildConfiguration;
			buildSettings = {
				ALWAYS_SEARCH_USER_PATHS = NO;
				ASSETCATALOG_COMPILER_GENERATE_SWIFT_ASSET_SYMBOL_EXTENSIONS = YES;
				CLANG_ANALYZER_NONNULL = YES;
				CLANG_ANALYZER_NUMBER_OBJECT_CONVERSION = YES_AGGRESSIVE;
				CLANG_CXX_LANGUAGE_STANDARD = "gnu++14";
				CLANG_CXX_LIBRARY = "libc++";
				CLANG_ENABLE_MODULES = YES;
				CLANG_ENABLE_OBJC_ARC = YES;
				CLANG_ENABLE_OBJC_WEAK = YES;
				CLANG_WARN_BLOCK_CAPTURE_AUTORELEASING = YES;
				CLANG_WARN_BOOL_CONVERSION = YES;
				CLANG_WARN_COMMA = YES;
				CLANG_WARN_CONSTANT_CONVERSION = YES;
				CLANG_WARN_DEPRECATED_OBJC_IMPLEMENTATIONS = YES;
				CLANG_WARN_DIRECT_OBJC_ISA_USAGE = YES_ERROR;
				CLANG_WARN_DOCUMENTATION_COMMENTS = YES;
				CLANG_WARN_EMPTY_BODY = YES;
				CLANG_WARN_ENUM_CONVERSION = YES;
				CLANG_WARN_INFINITE_RECURSION = YES;
				CLANG_WARN_INT_CONVERSION = YES;
				CLANG_WARN_NON_LITERAL_NULL_CONVERSION = YES;
				CLANG_WARN_OBJC_IMPLICIT_RETAIN_SELF = YES;
				CLANG_WARN_OBJC_LITERAL_CONVERSION = YES;
				CLANG_WARN_OBJC_ROOT_CLASS = YES_ERROR;
				CLANG_WARN_QUOTED_INCLUDE_IN_FRAMEWORK_HEADER = YES;
				CLANG_WARN_RANGE_LOOP_ANALYSIS = YES;
				CLANG_WARN_STRICT_PROTOTYPES = YES;
				CLANG_WARN_SUSPICIOUS_MOVE = YES;
				CLANG_WARN_UNGUARDED_AVAILABILITY = YES_AGGRESSIVE;
				CLANG_WARN_UNREACHABLE_CODE = YES;
				CLANG_WARN__DUPLICATE_METHOD_MATCH = YES;
				COPY_PHASE_STRIP = NO;
				DEAD_CODE_STRIPPING = YES;
				DEBUG_INFORMATION_FORMAT = dwarf;
				ENABLE_STRICT_OBJC_MSGSEND = YES;
				ENABLE_TESTABILITY = YES;
				ENABLE_USER_SCRIPT_SANDBOXING = YES;
				GCC_C_LANGUAGE_STANDARD = gnu11;
				GCC_DYNAMIC_NO_PIC = NO;
				GCC_NO_COMMON_BLOCKS = YES;
				GCC_OPTIMIZATION_LEVEL = 0;
				GCC_PREPROCESSOR_DEFINITIONS = (
					"DEBUG=1",
					"$(inherited)",
				);
				GCC_WARN_64_TO_32_BIT_CONVERSION = YES;
				GCC_WARN_ABOUT_RETURN_TYPE = YES_ERROR;
				GCC_WARN_UNDECLARED_SELECTOR = YES;
				GCC_WARN_UNINITIALIZED_AUTOS = YES_AGGRESSIVE;
				GCC_WARN_UNUSED_FUNCTION = YES;
				GCC_WARN_UNUSED_VARIABLE = YES;
				MACOSX_DEPLOYMENT_TARGET = 10.15;
				MTL_ENABLE_DEBUG_INFO = INCLUDE_SOURCE;
				MTL_FAST_MATH = YES;
				ONLY_ACTIVE_ARCH = YES;
				SDKROOT = macosx;
				SWIFT_ACTIVE_COMPILATION_CONDITIONS = DEBUG;
				SWIFT_OPTIMIZATION_LEVEL = "-Onone";
			};
			name = Debug;
		};
		C7694E7C259C3EC00053667F /* Release */ = {
			isa = XCBuildConfiguration;
			buildSettings = {
				ALWAYS_SEARCH_USER_PATHS = NO;
				ASSETCATALOG_COMPILER_GENERATE_SWIFT_ASSET_SYMBOL_EXTENSIONS = YES;
				CLANG_ANALYZER_NONNULL = YES;
				CLANG_ANALYZER_NUMBER_OBJECT_CONVERSION = YES_AGGRESSIVE;
				CLANG_CXX_LANGUAGE_STANDARD = "gnu++14";
				CLANG_CXX_LIBRARY = "libc++";
				CLANG_ENABLE_MODULES = YES;
				CLANG_ENABLE_OBJC_ARC = YES;
				CLANG_ENABLE_OBJC_WEAK = YES;
				CLANG_WARN_BLOCK_CAPTURE_AUTORELEASING = YES;
				CLANG_WARN_BOOL_CONVERSION = YES;
				CLANG_WARN_COMMA = YES;
				CLANG_WARN_CONSTANT_CONVERSION = YES;
				CLANG_WARN_DEPRECATED_OBJC_IMPLEMENTATIONS = YES;
				CLANG_WARN_DIRECT_OBJC_ISA_USAGE = YES_ERROR;
				CLANG_WARN_DOCUMENTATION_COMMENTS = YES;
				CLANG_WARN_EMPTY_BODY = YES;
				CLANG_WARN_ENUM_CONVERSION = YES;
				CLANG_WARN_INFINITE_RECURSION = YES;
				CLANG_WARN_INT_CONVERSION = YES;
				CLANG_WARN_NON_LITERAL_NULL_CONVERSION = YES;
				CLANG_WARN_OBJC_IMPLICIT_RETAIN_SELF = YES;
				CLANG_WARN_OBJC_LITERAL_CONVERSION = YES;
				CLANG_WARN_OBJC_ROOT_CLASS = YES_ERROR;
				CLANG_WARN_QUOTED_INCLUDE_IN_FRAMEWORK_HEADER = YES;
				CLANG_WARN_RANGE_LOOP_ANALYSIS = YES;
				CLANG_WARN_STRICT_PROTOTYPES = YES;
				CLANG_WARN_SUSPICIOUS_MOVE = YES;
				CLANG_WARN_UNGUARDED_AVAILABILITY = YES_AGGRESSIVE;
				CLANG_WARN_UNREACHABLE_CODE = YES;
				CLANG_WARN__DUPLICATE_METHOD_MATCH = YES;
				COPY_PHASE_STRIP = NO;
				DEAD_CODE_STRIPPING = YES;
				DEBUG_INFORMATION_FORMAT = "dwarf-with-dsym";
				ENABLE_NS_ASSERTIONS = NO;
				ENABLE_STRICT_OBJC_MSGSEND = YES;
				ENABLE_USER_SCRIPT_SANDBOXING = YES;
				GCC_C_LANGUAGE_STANDARD = gnu11;
				GCC_NO_COMMON_BLOCKS = YES;
				GCC_WARN_64_TO_32_BIT_CONVERSION = YES;
				GCC_WARN_ABOUT_RETURN_TYPE = YES_ERROR;
				GCC_WARN_UNDECLARED_SELECTOR = YES;
				GCC_WARN_UNINITIALIZED_AUTOS = YES_AGGRESSIVE;
				GCC_WARN_UNUSED_FUNCTION = YES;
				GCC_WARN_UNUSED_VARIABLE = YES;
				MACOSX_DEPLOYMENT_TARGET = 10.15;
				MTL_ENABLE_DEBUG_INFO = NO;
				MTL_FAST_MATH = YES;
				SDKROOT = macosx;
				SWIFT_COMPILATION_MODE = wholemodule;
				SWIFT_OPTIMIZATION_LEVEL = "-O";
			};
			name = Release;
		};
		C7694E7E259C3EC00053667F /* Debug */ = {
			isa = XCBuildConfiguration;
			buildSettings = {
				CODE_SIGN_STYLE = Automatic;
				DEAD_CODE_STRIPPING = YES;
				PRODUCT_NAME = "$(TARGET_NAME)";
				SWIFT_VERSION = 5.0;
			};
			name = Debug;
		};
		C7694E7F259C3EC00053667F /* Release */ = {
			isa = XCBuildConfiguration;
			buildSettings = {
				CODE_SIGN_STYLE = Automatic;
				DEAD_CODE_STRIPPING = YES;
				PRODUCT_NAME = "$(TARGET_NAME)";
				SWIFT_VERSION = 5.0;
			};
			name = Release;
		};
/* End XCBuildConfiguration section */

/* Begin XCConfigurationList section */
		7F99BB592B62AF3200FE9E85 /* Build configuration list for PBXNativeTarget "DoublyLinkedListQueueTest" */ = {
			isa = XCConfigurationList;
			buildConfigurations = (
				7F99BB5A2B62AF3200FE9E85 /* Debug */,
				7F99BB5B2B62AF3200FE9E85 /* Release */,
			);
			defaultConfigurationIsVisible = 0;
			defaultConfigurationName = Release;
		};
		C7694E71259C3EC00053667F /* Build configuration list for PBXProject "BankManagerConsoleApp" */ = {
			isa = XCConfigurationList;
			buildConfigurations = (
				C7694E7B259C3EC00053667F /* Debug */,
				C7694E7C259C3EC00053667F /* Release */,
			);
			defaultConfigurationIsVisible = 0;
			defaultConfigurationName = Release;
		};
		C7694E7D259C3EC00053667F /* Build configuration list for PBXNativeTarget "BankManagerConsoleApp" */ = {
			isa = XCConfigurationList;
			buildConfigurations = (
				C7694E7E259C3EC00053667F /* Debug */,
				C7694E7F259C3EC00053667F /* Release */,
			);
			defaultConfigurationIsVisible = 0;
			defaultConfigurationName = Release;
		};
/* End XCConfigurationList section */
	};
	rootObject = C7694E6E259C3EC00053667F /* Project object */;
}
